<?xml version="1.0" encoding="utf-8"?>
<Project ToolsVersion="16.0" xmlns="http://schemas.microsoft.com/developer/msbuild/2003">
  <ItemGroup>
    <ClCompile Include="D:\VisualStudioWorkspace\FFmpegWin\src\AVBase.cpp">
      <Filter>Source Files</Filter>
    </ClCompile>
    <ClCompile Include="D:\VisualStudioWorkspace\FFmpegWin\src\FFmpegWin.cpp">
      <Filter>Source Files</Filter>
    </ClCompile>
    <ClCompile Include="D:\VisualStudioWorkspace\FFmpegWin\src\FrameQueue.cpp">
      <Filter>Source Files</Filter>
    </ClCompile>
    <ClCompile Include="D:\VisualStudioWorkspace\FFmpegWin\src\TestThread.cpp">
      <Filter>Source Files</Filter>
    </ClCompile>
    <ClCompile Include="D:\VisualStudioWorkspace\FFmpegWin\src\VideoPlayerWin.cpp">
      <Filter>Source Files</Filter>
    </ClCompile>
    <ClCompile Include="src\WriteYuv.cpp" />
  </ItemGroup>
  <ItemGroup>
    <CustomBuild Include="D:\VisualStudioWorkspace\FFmpegWin\CMakeLists.txt" />
  </ItemGroup>
  <ItemGroup>
    <Filter Include="Source Files">
      <UniqueIdentifier>{39F1B1C6-3A3C-3673-9390-C8F8029B0CAD}</UniqueIdentifier>
    </Filter>
  </ItemGroup>
  <ItemGroup>
    <ClInclude Include="include\WriteYuv.h" />
  </ItemGroup>
</Project>